// !$*UTF8*$!
{
	archiveVersion = 1;
	classes = {
	};
	objectVersion = 54;
	objects = {

/* Begin PBXBuildFile section */
		058557BB273AAA24004C7B11 /* Assets.xcassets in Resources */ = {isa = PBXBuildFile; fileRef = 058557BA273AAA24004C7B11 /* Assets.xcassets */; };
		058557D9273AAEEB004C7B11 /* Preview Assets.xcassets in Resources */ = {isa = PBXBuildFile; fileRef = 058557D8273AAEEB004C7B11 /* Preview Assets.xcassets */; };
		182421D2289C23EA009988D6 /* GoogleService-Info.plist in Resources */ = {isa = PBXBuildFile; fileRef = 182421D0289C1CE9009988D6 /* GoogleService-Info.plist */; };
		1848E9C228A09C7700DB6324 /* TypographySet+Font.swift in Sources */ = {isa = PBXBuildFile; fileRef = 1848E9C128A09C7700DB6324 /* TypographySet+Font.swift */; };
		185DF399289D2CD800A2E9FE /* FirebaseABTesting in Frameworks */ = {isa = PBXBuildFile; productRef = 185DF398289D2CD800A2E9FE /* FirebaseABTesting */; };
		185DF39B289D2CD800A2E9FE /* FirebaseAnalytics in Frameworks */ = {isa = PBXBuildFile; productRef = 185DF39A289D2CD800A2E9FE /* FirebaseAnalytics */; };
		185DF39D289D2CD800A2E9FE /* FirebaseAppCheck in Frameworks */ = {isa = PBXBuildFile; productRef = 185DF39C289D2CD800A2E9FE /* FirebaseAppCheck */; };
		185DF39F289D2CD800A2E9FE /* FirebaseCrashlytics in Frameworks */ = {isa = PBXBuildFile; productRef = 185DF39E289D2CD800A2E9FE /* FirebaseCrashlytics */; };
		185DF3A1289D2CD800A2E9FE /* FirebasePerformance in Frameworks */ = {isa = PBXBuildFile; productRef = 185DF3A0289D2CD800A2E9FE /* FirebasePerformance */; };
		185DF3A3289D2CD800A2E9FE /* FirebaseRemoteConfig in Frameworks */ = {isa = PBXBuildFile; productRef = 185DF3A2289D2CD800A2E9FE /* FirebaseRemoteConfig */; };
		187BDA03289E37B100449890 /* ComponentHolder.swift in Sources */ = {isa = PBXBuildFile; fileRef = 187BDA02289E37B100449890 /* ComponentHolder.swift */; };
		187BDA05289E37DF00449890 /* ObservableValue.swift in Sources */ = {isa = PBXBuildFile; fileRef = 187BDA04289E37DF00449890 /* ObservableValue.swift */; };
		18ACA85B289F56260098AE6E /* common.xcframework in Frameworks */ = {isa = PBXBuildFile; fileRef = 182421CF289BA9B0009988D6 /* common.xcframework */; };
		18F778D8289FA727003D5A9E /* resource.xcframework in Frameworks */ = {isa = PBXBuildFile; fileRef = 18F778D7289FA727003D5A9E /* resource.xcframework */; };
		2152FB042600AC8F00CF470E /* iOSApp.swift in Sources */ = {isa = PBXBuildFile; fileRef = 2152FB032600AC8F00CF470E /* iOSApp.swift */; };
		7555FF83242A565900829871 /* ContentView.swift in Sources */ = {isa = PBXBuildFile; fileRef = 7555FF82242A565900829871 /* ContentView.swift */; };
/* End PBXBuildFile section */

/* Begin PBXFileReference section */
		058557BA273AAA24004C7B11 /* Assets.xcassets */ = {isa = PBXFileReference; lastKnownFileType = folder.assetcatalog; path = Assets.xcassets; sourceTree = "<group>"; };
		058557D8273AAEEB004C7B11 /* Preview Assets.xcassets */ = {isa = PBXFileReference; lastKnownFileType = folder.assetcatalog; path = "Preview Assets.xcassets"; sourceTree = "<group>"; };
		182421CF289BA9B0009988D6 /* common.xcframework */ = {isa = PBXFileReference; lastKnownFileType = wrapper.xcframework; name = common.xcframework; path = ../common/build/XCFrameworks/release/common.xcframework; sourceTree = "<group>"; };
		182421D0289C1CE9009988D6 /* GoogleService-Info.plist */ = {isa = PBXFileReference; fileEncoding = 4; lastKnownFileType = text.plist.xml; path = "GoogleService-Info.plist"; sourceTree = "<group>"; };
		1848E9C128A09C7700DB6324 /* TypographySet+Font.swift */ = {isa = PBXFileReference; lastKnownFileType = sourcecode.swift; path = "TypographySet+Font.swift"; sourceTree = "<group>"; };
		186BA94A289C9E6100B8857E /* stg */ = {isa = PBXFileReference; lastKnownFileType = folder; path = stg; sourceTree = "<group>"; };
		186BA94B289C9E6100B8857E /* dev */ = {isa = PBXFileReference; lastKnownFileType = folder; path = dev; sourceTree = "<group>"; };
		186BA94C289C9E6100B8857E /* prd */ = {isa = PBXFileReference; lastKnownFileType = folder; path = prd; sourceTree = "<group>"; };
		187BDA02289E37B100449890 /* ComponentHolder.swift */ = {isa = PBXFileReference; lastKnownFileType = sourcecode.swift; path = ComponentHolder.swift; sourceTree = "<group>"; };
		187BDA04289E37DF00449890 /* ObservableValue.swift */ = {isa = PBXFileReference; lastKnownFileType = sourcecode.swift; path = ObservableValue.swift; sourceTree = "<group>"; };
		18F778D7289FA727003D5A9E /* resource.xcframework */ = {isa = PBXFileReference; lastKnownFileType = wrapper.xcframework; name = resource.xcframework; path = ../resource/build/XCFrameworks/release/resource.xcframework; sourceTree = "<group>"; };
		2152FB032600AC8F00CF470E /* iOSApp.swift */ = {isa = PBXFileReference; lastKnownFileType = sourcecode.swift; path = iOSApp.swift; sourceTree = "<group>"; };
		7555FF7B242A565900829871 /* method.app */ = {isa = PBXFileReference; explicitFileType = wrapper.application; includeInIndex = 0; path = method.app; sourceTree = BUILT_PRODUCTS_DIR; };
		7555FF82242A565900829871 /* ContentView.swift */ = {isa = PBXFileReference; lastKnownFileType = sourcecode.swift; path = ContentView.swift; sourceTree = "<group>"; };
		7555FF8C242A565B00829871 /* Info.plist */ = {isa = PBXFileReference; lastKnownFileType = text.plist.xml; path = Info.plist; sourceTree = "<group>"; };
/* End PBXFileReference section */

/* Begin PBXFrameworksBuildPhase section */
		7555FF78242A565900829871 /* Frameworks */ = {
			isa = PBXFrameworksBuildPhase;
			buildActionMask = 2147483647;
			files = (
				18ACA85B289F56260098AE6E /* common.xcframework in Frameworks */,
				18F778D8289FA727003D5A9E /* resource.xcframework in Frameworks */,
				185DF39B289D2CD800A2E9FE /* FirebaseAnalytics in Frameworks */,
				185DF39F289D2CD800A2E9FE /* FirebaseCrashlytics in Frameworks */,
				185DF3A1289D2CD800A2E9FE /* FirebasePerformance in Frameworks */,
				185DF3A3289D2CD800A2E9FE /* FirebaseRemoteConfig in Frameworks */,
				185DF39D289D2CD800A2E9FE /* FirebaseAppCheck in Frameworks */,
				185DF399289D2CD800A2E9FE /* FirebaseABTesting in Frameworks */,
			);
			runOnlyForDeploymentPostprocessing = 0;
		};
/* End PBXFrameworksBuildPhase section */

/* Begin PBXGroup section */
		058557D7273AAEEB004C7B11 /* Preview Content */ = {
			isa = PBXGroup;
			children = (
				058557D8273AAEEB004C7B11 /* Preview Assets.xcassets */,
			);
			path = "Preview Content";
			sourceTree = "<group>";
		};
		187BDA01289E378000449890 /* Common */ = {
			isa = PBXGroup;
			children = (
				187BDA02289E37B100449890 /* ComponentHolder.swift */,
				187BDA04289E37DF00449890 /* ObservableValue.swift */,
			);
			path = Common;
			sourceTree = "<group>";
		};
		18F778D3289F9ACD003D5A9E /* Resource */ = {
			isa = PBXGroup;
			children = (
				1848E9C128A09C7700DB6324 /* TypographySet+Font.swift */,
			);
			path = Resource;
			sourceTree = "<group>";
		};
		7555FF72242A565900829871 = {
			isa = PBXGroup;
			children = (
				7555FF7D242A565900829871 /* method */,
				7555FF7C242A565900829871 /* Products */,
				7555FFB0242A642200829871 /* Frameworks */,
				186BA94B289C9E6100B8857E /* dev */,
				186BA94C289C9E6100B8857E /* prd */,
				186BA94A289C9E6100B8857E /* stg */,
			);
			sourceTree = "<group>";
		};
		7555FF7C242A565900829871 /* Products */ = {
			isa = PBXGroup;
			children = (
				7555FF7B242A565900829871 /* method.app */,
			);
			name = Products;
			sourceTree = "<group>";
		};
		7555FF7D242A565900829871 /* method */ = {
			isa = PBXGroup;
			children = (
				7555FF82242A565900829871 /* ContentView.swift */,
				2152FB032600AC8F00CF470E /* iOSApp.swift */,
				058557BA273AAA24004C7B11 /* Assets.xcassets */,
				182421D0289C1CE9009988D6 /* GoogleService-Info.plist */,
				7555FF8C242A565B00829871 /* Info.plist */,
				187BDA01289E378000449890 /* Common */,
				18F778D3289F9ACD003D5A9E /* Resource */,
				058557D7273AAEEB004C7B11 /* Preview Content */,
			);
			path = method;
			sourceTree = "<group>";
		};
		7555FFB0242A642200829871 /* Frameworks */ = {
			isa = PBXGroup;
			children = (
				18F778D7289FA727003D5A9E /* resource.xcframework */,
				182421CF289BA9B0009988D6 /* common.xcframework */,
			);
			name = Frameworks;
			sourceTree = "<group>";
		};
/* End PBXGroup section */

/* Begin PBXNativeTarget section */
		7555FF7A242A565900829871 /* method */ = {
			isa = PBXNativeTarget;
			buildConfigurationList = 7555FFA5242A565B00829871 /* Build configuration list for PBXNativeTarget "method" */;
			buildPhases = (
				18F778D6289FA2B2003D5A9E /* Assemble Common XCFramework */,
				7555FF77242A565900829871 /* Sources */,
				7555FF78242A565900829871 /* Frameworks */,
				7555FF79242A565900829871 /* Resources */,
				1849FCAC289E86E300557468 /* Copy Common Asset */,
				18F778D2289F94B6003D5A9E /* Copy Firebase Asset */,
				18C26E69289E4D1C00F0ECAF /* Upload dSYM to Crashlytics */,
			);
			buildRules = (
			);
			dependencies = (
			);
			name = method;
			packageProductDependencies = (
				185DF398289D2CD800A2E9FE /* FirebaseABTesting */,
				185DF39A289D2CD800A2E9FE /* FirebaseAnalytics */,
				185DF39C289D2CD800A2E9FE /* FirebaseAppCheck */,
				185DF39E289D2CD800A2E9FE /* FirebaseCrashlytics */,
				185DF3A0289D2CD800A2E9FE /* FirebasePerformance */,
				185DF3A2289D2CD800A2E9FE /* FirebaseRemoteConfig */,
			);
			productName = darwin;
			productReference = 7555FF7B242A565900829871 /* method.app */;
			productType = "com.apple.product-type.application";
		};
/* End PBXNativeTarget section */

/* Begin PBXProject section */
		7555FF73242A565900829871 /* Project object */ = {
			isa = PBXProject;
			attributes = {
				LastSwiftUpdateCheck = 1130;
				LastUpgradeCheck = 1130;
				ORGANIZATIONNAME = "Thipok Cholsaipant";
				TargetAttributes = {
					7555FF7A242A565900829871 = {
						CreatedOnToolsVersion = 11.3.1;
					};
				};
			};
			buildConfigurationList = 7555FF76242A565900829871 /* Build configuration list for PBXProject "darwin" */;
			compatibilityVersion = "Xcode 9.3";
			developmentRegion = en;
			hasScannedForEncodings = 0;
			knownRegions = (
				en,
				Base,
			);
			mainGroup = 7555FF72242A565900829871;
			packageReferences = (
				185DF397289D2CD800A2E9FE /* XCRemoteSwiftPackageReference "firebase-ios-sdk-xcframeworks" */,
			);
			productRefGroup = 7555FF7C242A565900829871 /* Products */;
			projectDirPath = "";
			projectRoot = "";
			targets = (
				7555FF7A242A565900829871 /* method */,
			);
		};
/* End PBXProject section */

/* Begin PBXResourcesBuildPhase section */
		7555FF79242A565900829871 /* Resources */ = {
			isa = PBXResourcesBuildPhase;
			buildActionMask = 2147483647;
			files = (
				182421D2289C23EA009988D6 /* GoogleService-Info.plist in Resources */,
				058557D9273AAEEB004C7B11 /* Preview Assets.xcassets in Resources */,
				058557BB273AAA24004C7B11 /* Assets.xcassets in Resources */,
			);
			runOnlyForDeploymentPostprocessing = 0;
		};
/* End PBXResourcesBuildPhase section */

/* Begin PBXShellScriptBuildPhase section */
		1849FCAC289E86E300557468 /* Copy Common Asset */ = {
			isa = PBXShellScriptBuildPhase;
			alwaysOutOfDate = 1;
			buildActionMask = 2147483647;
			files = (
			);
			inputFileListPaths = (
			);
			inputPaths = (
			);
			name = "Copy Common Asset";
			outputFileListPaths = (
			);
			outputPaths = (
			);
			runOnlyForDeploymentPostprocessing = 0;
			shellPath = /bin/sh;
			shellScript = "cd \"${SRCROOT}/..\"\n./gradlew :resource:copyResourcesResourceReleaseXCFrameworkToApp \\\n    -Pmoko.resources.BUILT_PRODUCTS_DIR=$BUILT_PRODUCTS_DIR \\\n    -Pmoko.resources.CONTENTS_FOLDER_PATH=$CONTENTS_FOLDER_PATH --info\n";
		};
		18C26E69289E4D1C00F0ECAF /* Upload dSYM to Crashlytics */ = {
			isa = PBXShellScriptBuildPhase;
			alwaysOutOfDate = 1;
			buildActionMask = 2147483647;
			files = (
			);
			inputFileListPaths = (
			);
			inputPaths = (
				"$(SRCROOT)/$(BUILT_PRODUCTS_DIR)/$(INFOPLIST_PATH)",
				"${DWARF_DSYM_FOLDER_PATH}/${DWARF_DSYM_FILE_NAME}/Contents/Resources/DWARF/${TARGET_NAME}",
			);
			name = "Upload dSYM to Crashlytics";
			outputFileListPaths = (
			);
			outputPaths = (
			);
			runOnlyForDeploymentPostprocessing = 0;
			shellPath = /bin/sh;
			shellScript = "# BUILD_TIME_HASH indicates whether build is run from Xcode or Gradle\nif [[ ! -z \"${BUILD_TIME_HASH}\" ]] && [ ! \"${CONFIGURATION}\" = \"dev\" ] ; then\n    CRASHLYTICS_DIR=\"${BUILD_DIR%Build/*}SourcePackages/checkouts/firebase-ios-sdk-xcframeworks/Sources/FirebaseCrashlytics\"\n    ENV_PATH=\"${PROJECT_DIR}/${CONFIGURATION}/\"\n\n    $CRASHLYTICS_DIR/upload-symbols --build-phase --google-service-plist $ENV_PATH/GoogleService-Info.plist --validate\n    $CRASHLYTICS_DIR/upload-symbols --build-phase --google-service-plist $ENV_PATH/GoogleService-Info.plist\nfi\n";
		};
		18F778D2289F94B6003D5A9E /* Copy Firebase Asset */ = {
			isa = PBXShellScriptBuildPhase;
			alwaysOutOfDate = 1;
			buildActionMask = 2147483647;
			files = (
			);
			inputFileListPaths = (
			);
			inputPaths = (
			);
			name = "Copy Firebase Asset";
			outputFileListPaths = (
			);
			outputPaths = (
			);
			runOnlyForDeploymentPostprocessing = 0;
			shellPath = /bin/sh;
			shellScript = "# Type a script or drag a script file from your workspace to insert its path.\nsh \"${BUILD_DIR%Build/*}SourcePackages/checkouts/firebase-ios-sdk-xcframeworks/.scripts/resources.sh\"\n";
		};
		18F778D6289FA2B2003D5A9E /* Assemble Common XCFramework */ = {
			isa = PBXShellScriptBuildPhase;
			alwaysOutOfDate = 1;
			buildActionMask = 2147483647;
			files = (
			);
			inputFileListPaths = (
			);
			inputPaths = (
			);
			name = "Assemble Common XCFramework";
			outputFileListPaths = (
			);
			outputPaths = (
			);
			runOnlyForDeploymentPostprocessing = 0;
			shellPath = /bin/sh;
			shellScript = "# BUILD_TIME_HASH indicates whether build is run from Xcode or Gradle\nif [[ -z \"${BUILD_TIME_HASH}\" ]] ; then\n    cd \"${SRCROOT}/..\"\n    ./gradlew :common:assembleCommonReleaseXCFramework :resource:assembleResourceReleaseXCFramework --info\nfi\n";
		};
/* End PBXShellScriptBuildPhase section */

/* Begin PBXSourcesBuildPhase section */
		7555FF77242A565900829871 /* Sources */ = {
			isa = PBXSourcesBuildPhase;
			buildActionMask = 2147483647;
			files = (
				2152FB042600AC8F00CF470E /* iOSApp.swift in Sources */,
				1848E9C228A09C7700DB6324 /* TypographySet+Font.swift in Sources */,
				187BDA03289E37B100449890 /* ComponentHolder.swift in Sources */,
				187BDA05289E37DF00449890 /* ObservableValue.swift in Sources */,
				7555FF83242A565900829871 /* ContentView.swift in Sources */,
			);
			runOnlyForDeploymentPostprocessing = 0;
		};
/* End PBXSourcesBuildPhase section */

/* Begin XCBuildConfiguration section */
		18A4C0712896733A000B55DB /* prd */ = {
			isa = XCBuildConfiguration;
			buildSettings = {
				ALWAYS_SEARCH_USER_PATHS = NO;
				CLANG_ANALYZER_NONNULL = YES;
				CLANG_ANALYZER_NUMBER_OBJECT_CONVERSION = YES_AGGRESSIVE;
				CLANG_CXX_LANGUAGE_STANDARD = "gnu++14";
				CLANG_CXX_LIBRARY = "libc++";
				CLANG_ENABLE_MODULES = YES;
				CLANG_ENABLE_OBJC_ARC = YES;
				CLANG_ENABLE_OBJC_WEAK = YES;
				CLANG_WARN_BLOCK_CAPTURE_AUTORELEASING = YES;
				CLANG_WARN_BOOL_CONVERSION = YES;
				CLANG_WARN_COMMA = YES;
				CLANG_WARN_CONSTANT_CONVERSION = YES;
				CLANG_WARN_DEPRECATED_OBJC_IMPLEMENTATIONS = YES;
				CLANG_WARN_DIRECT_OBJC_ISA_USAGE = YES_ERROR;
				CLANG_WARN_DOCUMENTATION_COMMENTS = YES;
				CLANG_WARN_EMPTY_BODY = YES;
				CLANG_WARN_ENUM_CONVERSION = YES;
				CLANG_WARN_INFINITE_RECURSION = YES;
				CLANG_WARN_INT_CONVERSION = YES;
				CLANG_WARN_NON_LITERAL_NULL_CONVERSION = YES;
				CLANG_WARN_OBJC_IMPLICIT_RETAIN_SELF = YES;
				CLANG_WARN_OBJC_LITERAL_CONVERSION = YES;
				CLANG_WARN_OBJC_ROOT_CLASS = YES_ERROR;
				CLANG_WARN_QUOTED_INCLUDE_IN_FRAMEWORK_HEADER = YES;
				CLANG_WARN_RANGE_LOOP_ANALYSIS = YES;
				CLANG_WARN_STRICT_PROTOTYPES = YES;
				CLANG_WARN_SUSPICIOUS_MOVE = YES;
				CLANG_WARN_UNGUARDED_AVAILABILITY = YES_AGGRESSIVE;
				CLANG_WARN_UNREACHABLE_CODE = YES;
				CLANG_WARN__DUPLICATE_METHOD_MATCH = YES;
				COPY_PHASE_STRIP = NO;
				DEBUG_INFORMATION_FORMAT = "dwarf-with-dsym";
				ENABLE_NS_ASSERTIONS = NO;
				ENABLE_STRICT_OBJC_MSGSEND = YES;
				GCC_C_LANGUAGE_STANDARD = gnu11;
				GCC_NO_COMMON_BLOCKS = YES;
				GCC_WARN_64_TO_32_BIT_CONVERSION = YES;
				GCC_WARN_ABOUT_RETURN_TYPE = YES_ERROR;
				GCC_WARN_UNDECLARED_SELECTOR = YES;
				GCC_WARN_UNINITIALIZED_AUTOS = YES_AGGRESSIVE;
				GCC_WARN_UNUSED_FUNCTION = YES;
				GCC_WARN_UNUSED_VARIABLE = YES;
				IPHONEOS_DEPLOYMENT_TARGET = 14.1;
				MTL_ENABLE_DEBUG_INFO = NO;
				MTL_FAST_MATH = YES;
				SDKROOT = iphoneos;
				SWIFT_COMPILATION_MODE = wholemodule;
				SWIFT_OPTIMIZATION_LEVEL = "-O";
				VALIDATE_PRODUCT = YES;
			};
			name = prd;
		};
		18A4C0722896733A000B55DB /* prd */ = {
			isa = XCBuildConfiguration;
			buildSettings = {
				ASSETCATALOG_COMPILER_APPICON_NAME = AppIcon;
				CODE_SIGN_IDENTITY = "Apple Distribution";
				CODE_SIGN_STYLE = Manual;
				DEVELOPMENT_ASSET_PATHS = "\"$(PRODUCT_NAME)/Preview Content\"";
				DEVELOPMENT_TEAM = 9C25UZ547F;
				ENABLE_BITCODE = YES;
				ENABLE_PREVIEWS = YES;
				INFOPLIST_FILE = "$(PRODUCT_NAME)/Info.plist";
				INFOPLIST_KEY_CFBundleDisplayName = Method;
				IPHONEOS_DEPLOYMENT_TARGET = 14.0;
				KOTLIN_FRAMEWORK_BUILD_TYPE = Release;
				LD_RUNPATH_SEARCH_PATHS = (
					"$(inherited)",
					"@executable_path/Frameworks",
				);
				MARKETING_VERSION = 1.0.0;
				OTHER_LDFLAGS = (
					"$(inherited)",
					"-framework",
					common,
				);
				PRODUCT_BUNDLE_IDENTIFIER = ch.thipok.method;
				PRODUCT_NAME = "$(TARGET_NAME)";
				PROVISIONING_PROFILE_SPECIFIER = "match AppStore ch.thipok.method";
				SWIFT_VERSION = 5.0;
				TARGETED_DEVICE_FAMILY = "1,2";
			};
			name = prd;
		};
		7555FFA3242A565B00829871 /* dev */ = {
			isa = XCBuildConfiguration;
			buildSettings = {
				ALWAYS_SEARCH_USER_PATHS = NO;
				CLANG_ANALYZER_NONNULL = YES;
				CLANG_ANALYZER_NUMBER_OBJECT_CONVERSION = YES_AGGRESSIVE;
				CLANG_CXX_LANGUAGE_STANDARD = "gnu++14";
				CLANG_CXX_LIBRARY = "libc++";
				CLANG_ENABLE_MODULES = YES;
				CLANG_ENABLE_OBJC_ARC = YES;
				CLANG_ENABLE_OBJC_WEAK = YES;
				CLANG_WARN_BLOCK_CAPTURE_AUTORELEASING = YES;
				CLANG_WARN_BOOL_CONVERSION = YES;
				CLANG_WARN_COMMA = YES;
				CLANG_WARN_CONSTANT_CONVERSION = YES;
				CLANG_WARN_DEPRECATED_OBJC_IMPLEMENTATIONS = YES;
				CLANG_WARN_DIRECT_OBJC_ISA_USAGE = YES_ERROR;
				CLANG_WARN_DOCUMENTATION_COMMENTS = YES;
				CLANG_WARN_EMPTY_BODY = YES;
				CLANG_WARN_ENUM_CONVERSION = YES;
				CLANG_WARN_INFINITE_RECURSION = YES;
				CLANG_WARN_INT_CONVERSION = YES;
				CLANG_WARN_NON_LITERAL_NULL_CONVERSION = YES;
				CLANG_WARN_OBJC_IMPLICIT_RETAIN_SELF = YES;
				CLANG_WARN_OBJC_LITERAL_CONVERSION = YES;
				CLANG_WARN_OBJC_ROOT_CLASS = YES_ERROR;
				CLANG_WARN_QUOTED_INCLUDE_IN_FRAMEWORK_HEADER = YES;
				CLANG_WARN_RANGE_LOOP_ANALYSIS = YES;
				CLANG_WARN_STRICT_PROTOTYPES = YES;
				CLANG_WARN_SUSPICIOUS_MOVE = YES;
				CLANG_WARN_UNGUARDED_AVAILABILITY = YES_AGGRESSIVE;
				CLANG_WARN_UNREACHABLE_CODE = YES;
				CLANG_WARN__DUPLICATE_METHOD_MATCH = YES;
				COPY_PHASE_STRIP = NO;
				DEBUG_INFORMATION_FORMAT = "dwarf-with-dsym";
				ENABLE_STRICT_OBJC_MSGSEND = YES;
				ENABLE_TESTABILITY = YES;
				GCC_C_LANGUAGE_STANDARD = gnu11;
				GCC_DYNAMIC_NO_PIC = NO;
				GCC_NO_COMMON_BLOCKS = YES;
				GCC_OPTIMIZATION_LEVEL = 0;
				GCC_PREPROCESSOR_DEFINITIONS = (
					"DEBUG=1",
					"$(inherited)",
				);
				GCC_WARN_64_TO_32_BIT_CONVERSION = YES;
				GCC_WARN_ABOUT_RETURN_TYPE = YES_ERROR;
				GCC_WARN_UNDECLARED_SELECTOR = YES;
				GCC_WARN_UNINITIALIZED_AUTOS = YES_AGGRESSIVE;
				GCC_WARN_UNUSED_FUNCTION = YES;
				GCC_WARN_UNUSED_VARIABLE = YES;
				IPHONEOS_DEPLOYMENT_TARGET = 14.1;
				MTL_ENABLE_DEBUG_INFO = INCLUDE_SOURCE;
				MTL_FAST_MATH = YES;
				ONLY_ACTIVE_ARCH = YES;
				SDKROOT = iphoneos;
				SWIFT_ACTIVE_COMPILATION_CONDITIONS = DEBUG;
				SWIFT_OPTIMIZATION_LEVEL = "-Onone";
			};
			name = dev;
		};
		7555FFA4242A565B00829871 /* stg */ = {
			isa = XCBuildConfiguration;
			buildSettings = {
				ALWAYS_SEARCH_USER_PATHS = NO;
				CLANG_ANALYZER_NONNULL = YES;
				CLANG_ANALYZER_NUMBER_OBJECT_CONVERSION = YES_AGGRESSIVE;
				CLANG_CXX_LANGUAGE_STANDARD = "gnu++14";
				CLANG_CXX_LIBRARY = "libc++";
				CLANG_ENABLE_MODULES = YES;
				CLANG_ENABLE_OBJC_ARC = YES;
				CLANG_ENABLE_OBJC_WEAK = YES;
				CLANG_WARN_BLOCK_CAPTURE_AUTORELEASING = YES;
				CLANG_WARN_BOOL_CONVERSION = YES;
				CLANG_WARN_COMMA = YES;
				CLANG_WARN_CONSTANT_CONVERSION = YES;
				CLANG_WARN_DEPRECATED_OBJC_IMPLEMENTATIONS = YES;
				CLANG_WARN_DIRECT_OBJC_ISA_USAGE = YES_ERROR;
				CLANG_WARN_DOCUMENTATION_COMMENTS = YES;
				CLANG_WARN_EMPTY_BODY = YES;
				CLANG_WARN_ENUM_CONVERSION = YES;
				CLANG_WARN_INFINITE_RECURSION = YES;
				CLANG_WARN_INT_CONVERSION = YES;
				CLANG_WARN_NON_LITERAL_NULL_CONVERSION = YES;
				CLANG_WARN_OBJC_IMPLICIT_RETAIN_SELF = YES;
				CLANG_WARN_OBJC_LITERAL_CONVERSION = YES;
				CLANG_WARN_OBJC_ROOT_CLASS = YES_ERROR;
				CLANG_WARN_QUOTED_INCLUDE_IN_FRAMEWORK_HEADER = YES;
				CLANG_WARN_RANGE_LOOP_ANALYSIS = YES;
				CLANG_WARN_STRICT_PROTOTYPES = YES;
				CLANG_WARN_SUSPICIOUS_MOVE = YES;
				CLANG_WARN_UNGUARDED_AVAILABILITY = YES_AGGRESSIVE;
				CLANG_WARN_UNREACHABLE_CODE = YES;
				CLANG_WARN__DUPLICATE_METHOD_MATCH = YES;
				COPY_PHASE_STRIP = NO;
				DEBUG_INFORMATION_FORMAT = "dwarf-with-dsym";
				ENABLE_NS_ASSERTIONS = NO;
				ENABLE_STRICT_OBJC_MSGSEND = YES;
				GCC_C_LANGUAGE_STANDARD = gnu11;
				GCC_NO_COMMON_BLOCKS = YES;
				GCC_WARN_64_TO_32_BIT_CONVERSION = YES;
				GCC_WARN_ABOUT_RETURN_TYPE = YES_ERROR;
				GCC_WARN_UNDECLARED_SELECTOR = YES;
				GCC_WARN_UNINITIALIZED_AUTOS = YES_AGGRESSIVE;
				GCC_WARN_UNUSED_FUNCTION = YES;
				GCC_WARN_UNUSED_VARIABLE = YES;
				IPHONEOS_DEPLOYMENT_TARGET = 14.1;
				MTL_ENABLE_DEBUG_INFO = NO;
				MTL_FAST_MATH = YES;
				SDKROOT = iphoneos;
				SWIFT_COMPILATION_MODE = wholemodule;
				SWIFT_OPTIMIZATION_LEVEL = "-O";
				VALIDATE_PRODUCT = YES;
			};
			name = stg;
		};
		7555FFA6242A565B00829871 /* dev */ = {
			isa = XCBuildConfiguration;
			buildSettings = {
				ASSETCATALOG_COMPILER_APPICON_NAME = AppIcon;
				CODE_SIGN_IDENTITY = "Apple Development";
				CODE_SIGN_STYLE = Manual;
				DEBUG_INFORMATION_FORMAT = dwarf;
				DEVELOPMENT_ASSET_PATHS = "\"$(PRODUCT_NAME)/Preview Content\"";
				DEVELOPMENT_TEAM = 9C25UZ547F;
				ENABLE_PREVIEWS = YES;
				INFOPLIST_FILE = "$(PRODUCT_NAME)/Info.plist";
				INFOPLIST_KEY_CFBundleDisplayName = "Method Dev";
				IPHONEOS_DEPLOYMENT_TARGET = 14.0;
				KOTLIN_FRAMEWORK_BUILD_TYPE = Debug;
				LD_RUNPATH_SEARCH_PATHS = (
					"$(inherited)",
					"@executable_path/Frameworks",
				);
				MARKETING_VERSION = 1.0.0;
				OTHER_LDFLAGS = (
					"$(inherited)",
					"-framework",
					common,
				);
				PRODUCT_BUNDLE_IDENTIFIER = ch.thipok.method.dev;
				PRODUCT_NAME = "$(TARGET_NAME)";
				PROVISIONING_PROFILE_SPECIFIER = "match Development ch.thipok.method.dev";
				SWIFT_VERSION = 5.0;
				TARGETED_DEVICE_FAMILY = "1,2";
			};
			name = dev;
		};
		7555FFA7242A565B00829871 /* stg */ = {
			isa = XCBuildConfiguration;
			buildSettings = {
				ASSETCATALOG_COMPILER_APPICON_NAME = AppIcon;
				CODE_SIGN_IDENTITY = "Apple Distribution";
				CODE_SIGN_STYLE = Manual;
				DEVELOPMENT_ASSET_PATHS = "\"$(PRODUCT_NAME)/Preview Content\"";
				DEVELOPMENT_TEAM = 9C25UZ547F;
				ENABLE_BITCODE = YES;
				ENABLE_PREVIEWS = YES;
				INFOPLIST_FILE = "$(PRODUCT_NAME)/Info.plist";
				INFOPLIST_KEY_CFBundleDisplayName = "Method Stg";
				IPHONEOS_DEPLOYMENT_TARGET = 14.0;
				KOTLIN_FRAMEWORK_BUILD_TYPE = Release;
				LD_RUNPATH_SEARCH_PATHS = (
					"$(inherited)",
					"@executable_path/Frameworks",
				);
				MARKETING_VERSION = 1.0.0;
				OTHER_LDFLAGS = (
					"$(inherited)",
					"-framework",
					common,
				);
				PRODUCT_BUNDLE_IDENTIFIER = ch.thipok.method.stg;
				PRODUCT_NAME = "$(TARGET_NAME)";
				PROVISIONING_PROFILE_SPECIFIER = "match AppStore ch.thipok.method.stg";
				SWIFT_VERSION = 5.0;
				TARGETED_DEVICE_FAMILY = "1,2";
			};
			name = stg;
		};
/* End XCBuildConfiguration section */

/* Begin XCConfigurationList section */
		7555FF76242A565900829871 /* Build configuration list for PBXProject "darwin" */ = {
			isa = XCConfigurationList;
			buildConfigurations = (
				7555FFA3242A565B00829871 /* dev */,
				7555FFA4242A565B00829871 /* stg */,
				18A4C0712896733A000B55DB /* prd */,
			);
			defaultConfigurationIsVisible = 0;
			defaultConfigurationName = stg;
		};
		7555FFA5242A565B00829871 /* Build configuration list for PBXNativeTarget "method" */ = {
			isa = XCConfigurationList;
			buildConfigurations = (
				7555FFA6242A565B00829871 /* dev */,
				7555FFA7242A565B00829871 /* stg */,
				18A4C0722896733A000B55DB /* prd */,
			);
			defaultConfigurationIsVisible = 0;
			defaultConfigurationName = stg;
		};
/* End XCConfigurationList section */

/* Begin XCRemoteSwiftPackageReference section */
		185DF397289D2CD800A2E9FE /* XCRemoteSwiftPackageReference "firebase-ios-sdk-xcframeworks" */ = {
			isa = XCRemoteSwiftPackageReference;
			repositoryURL = "https://github.com/akaffenberger/firebase-ios-sdk-xcframeworks.git";
			requirement = {
				branch = master;
				kind = branch;
			};
		};
/* End XCRemoteSwiftPackageReference section */

/* Begin XCSwiftPackageProductDependency section */
		185DF398289D2CD800A2E9FE /* FirebaseABTesting */ = {
			isa = XCSwiftPackageProductDependency;
			package = 185DF397289D2CD800A2E9FE /* XCRemoteSwiftPackageReference "firebase-ios-sdk-xcframeworks" */;
			productName = FirebaseABTesting;
		};
		185DF39A289D2CD800A2E9FE /* FirebaseAnalytics */ = {
			isa = XCSwiftPackageProductDependency;
			package = 185DF397289D2CD800A2E9FE /* XCRemoteSwiftPackageReference "firebase-ios-sdk-xcframeworks" */;
			productName = FirebaseAnalytics;
		};
		185DF39C289D2CD800A2E9FE /* FirebaseAppCheck */ = {
			isa = XCSwiftPackageProductDependency;
			package = 185DF397289D2CD800A2E9FE /* XCRemoteSwiftPackageReference "firebase-ios-sdk-xcframeworks" */;
			productName = FirebaseAppCheck;
		};
		185DF39E289D2CD800A2E9FE /* FirebaseCrashlytics */ = {
			isa = XCSwiftPackageProductDependency;
			package = 185DF397289D2CD800A2E9FE /* XCRemoteSwiftPackageReference "firebase-ios-sdk-xcframeworks" */;
			productName = FirebaseCrashlytics;
		};
		185DF3A0289D2CD800A2E9FE /* FirebasePerformance */ = {
			isa = XCSwiftPackageProductDependency;
			package = 185DF397289D2CD800A2E9FE /* XCRemoteSwiftPackageReference "firebase-ios-sdk-xcframeworks" */;
			productName = FirebasePerformance;
		};
		185DF3A2289D2CD800A2E9FE /* FirebaseRemoteConfig */ = {
			isa = XCSwiftPackageProductDependency;
			package = 185DF397289D2CD800A2E9FE /* XCRemoteSwiftPackageReference "firebase-ios-sdk-xcframeworks" */;
			productName = FirebaseRemoteConfig;
		};
/* End XCSwiftPackageProductDependency section */
	};
	rootObject = 7555FF73242A565900829871 /* Project object */;
}
